// !$*UTF8*$!
{
	archiveVersion = 1;
	classes = {
	};
	objectVersion = 55;
	objects = {

/* Begin PBXBuildFile section */
		F3AA25FA27D72099005A15DB /* AppDelegate.swift in Sources */ = {isa = PBXBuildFile; fileRef = F3AA25F927D72099005A15DB /* AppDelegate.swift */; };
		F3AA25FC27D72099005A15DB /* SceneDelegate.swift in Sources */ = {isa = PBXBuildFile; fileRef = F3AA25FB27D72099005A15DB /* SceneDelegate.swift */; };
		F3AA25FE27D72099005A15DB /* StartViewController.swift in Sources */ = {isa = PBXBuildFile; fileRef = F3AA25FD27D72099005A15DB /* StartViewController.swift */; };
		F3AA260127D72099005A15DB /* Main.storyboard in Resources */ = {isa = PBXBuildFile; fileRef = F3AA25FF27D72099005A15DB /* Main.storyboard */; };
		F3AA260327D7209B005A15DB /* Assets.xcassets in Resources */ = {isa = PBXBuildFile; fileRef = F3AA260227D7209B005A15DB /* Assets.xcassets */; };
		F3AA260627D7209B005A15DB /* LaunchScreen.storyboard in Resources */ = {isa = PBXBuildFile; fileRef = F3AA260427D7209B005A15DB /* LaunchScreen.storyboard */; };
		F3AA260E27D728A2005A15DB /* WelcomeScreenViewController.swift in Sources */ = {isa = PBXBuildFile; fileRef = F3AA260D27D728A2005A15DB /* WelcomeScreenViewController.swift */; };
		F3B2BA0427DDC26C00871026 /* User.swift in Sources */ = {isa = PBXBuildFile; fileRef = F3B2BA0327DDC26C00871026 /* User.swift */; };
		F3B2BA0627DDCC8000871026 /* AboutMeViewController.swift in Sources */ = {isa = PBXBuildFile; fileRef = F3B2BA0527DDCC8000871026 /* AboutMeViewController.swift */; };
		F3B2BA0827DDCCAF00871026 /* DetailsInfoViewController.swift in Sources */ = {isa = PBXBuildFile; fileRef = F3B2BA0727DDCCAF00871026 /* DetailsInfoViewController.swift */; };
		F3B2BA0A27DDCCCD00871026 /* MoreInfoViewController.swift in Sources */ = {isa = PBXBuildFile; fileRef = F3B2BA0927DDCCCD00871026 /* MoreInfoViewController.swift */; };
		F3B2BA0F27DDF28300871026 /* Extension + UIView.swift in Sources */ = {isa = PBXBuildFile; fileRef = F3B2BA0E27DDF28300871026 /* Extension + UIView.swift */; };
/* End PBXBuildFile section */

/* Begin PBXFileReference section */
		F3AA25F627D72099005A15DB /* LogInHomeTaskUiKit.app */ = {isa = PBXFileReference; explicitFileType = wrapper.application; includeInIndex = 0; path = LogInHomeTaskUiKit.app; sourceTree = BUILT_PRODUCTS_DIR; };
		F3AA25F927D72099005A15DB /* AppDelegate.swift */ = {isa = PBXFileReference; lastKnownFileType = sourcecode.swift; path = AppDelegate.swift; sourceTree = "<group>"; };
		F3AA25FB27D72099005A15DB /* SceneDelegate.swift */ = {isa = PBXFileReference; lastKnownFileType = sourcecode.swift; path = SceneDelegate.swift; sourceTree = "<group>"; };
		F3AA25FD27D72099005A15DB /* StartViewController.swift */ = {isa = PBXFileReference; lastKnownFileType = sourcecode.swift; path = StartViewController.swift; sourceTree = "<group>"; };
		F3AA260027D72099005A15DB /* Base */ = {isa = PBXFileReference; lastKnownFileType = file.storyboard; name = Base; path = Base.lproj/Main.storyboard; sourceTree = "<group>"; };
		F3AA260227D7209B005A15DB /* Assets.xcassets */ = {isa = PBXFileReference; lastKnownFileType = folder.assetcatalog; path = Assets.xcassets; sourceTree = "<group>"; };
		F3AA260527D7209B005A15DB /* Base */ = {isa = PBXFileReference; lastKnownFileType = file.storyboard; name = Base; path = Base.lproj/LaunchScreen.storyboard; sourceTree = "<group>"; };
		F3AA260727D7209B005A15DB /* Info.plist */ = {isa = PBXFileReference; lastKnownFileType = text.plist.xml; path = Info.plist; sourceTree = "<group>"; };
		F3AA260D27D728A2005A15DB /* WelcomeScreenViewController.swift */ = {isa = PBXFileReference; lastKnownFileType = sourcecode.swift; path = WelcomeScreenViewController.swift; sourceTree = "<group>"; };
		F3B2BA0327DDC26C00871026 /* User.swift */ = {isa = PBXFileReference; lastKnownFileType = sourcecode.swift; path = User.swift; sourceTree = "<group>"; };
		F3B2BA0527DDCC8000871026 /* AboutMeViewController.swift */ = {isa = PBXFileReference; lastKnownFileType = sourcecode.swift; path = AboutMeViewController.swift; sourceTree = "<group>"; };
		F3B2BA0727DDCCAF00871026 /* DetailsInfoViewController.swift */ = {isa = PBXFileReference; lastKnownFileType = sourcecode.swift; path = DetailsInfoViewController.swift; sourceTree = "<group>"; };
		F3B2BA0927DDCCCD00871026 /* MoreInfoViewController.swift */ = {isa = PBXFileReference; lastKnownFileType = sourcecode.swift; path = MoreInfoViewController.swift; sourceTree = "<group>"; };
		F3B2BA0E27DDF28300871026 /* Extension + UIView.swift */ = {isa = PBXFileReference; lastKnownFileType = sourcecode.swift; path = "Extension + UIView.swift"; sourceTree = "<group>"; };
/* End PBXFileReference section */

/* Begin PBXFrameworksBuildPhase section */
		F3AA25F327D72099005A15DB /* Frameworks */ = {
			isa = PBXFrameworksBuildPhase;
			buildActionMask = 2147483647;
			files = (
			);
			runOnlyForDeploymentPostprocessing = 0;
		};
/* End PBXFrameworksBuildPhase section */

/* Begin PBXGroup section */
		F3AA25ED27D72099005A15DB = {
			isa = PBXGroup;
			children = (
				F3AA25F827D72099005A15DB /* LogInHomeTaskUiKit */,
				F3AA25F727D72099005A15DB /* Products */,
			);
			sourceTree = "<group>";
		};
		F3AA25F727D72099005A15DB /* Products */ = {
			isa = PBXGroup;
			children = (
				F3AA25F627D72099005A15DB /* LogInHomeTaskUiKit.app */,
			);
			name = Products;
			sourceTree = "<group>";
		};
		F3AA25F827D72099005A15DB /* LogInHomeTaskUiKit */ = {
			isa = PBXGroup;
			children = (
				F3AA260F27D728D8005A15DB /* ViewControllers */,
				F3B2BA0227DDAEE400871026 /* Models */,
				F3AA261127D72932005A15DB /* Storyboards */,
				F3B2BA0B27DDF22100871026 /* Extension */,
				F3AA261227D72942005A15DB /* Resourсes */,
				F3B2BA0127DDAEA500871026 /* App */,
			);
			path = LogInHomeTaskUiKit;
			sourceTree = "<group>";
		};
		F3AA260F27D728D8005A15DB /* ViewControllers */ = {
			isa = PBXGroup;
			children = (
				F3AA25FD27D72099005A15DB /* StartViewController.swift */,
				F3AA260D27D728A2005A15DB /* WelcomeScreenViewController.swift */,
				F3B2BA0527DDCC8000871026 /* AboutMeViewController.swift */,
				F3B2BA0727DDCCAF00871026 /* DetailsInfoViewController.swift */,
				F3B2BA0927DDCCCD00871026 /* MoreInfoViewController.swift */,
			);
			path = ViewControllers;
			sourceTree = "<group>";
		};
		F3AA261127D72932005A15DB /* Storyboards */ = {
			isa = PBXGroup;
			children = (
				F3AA25FF27D72099005A15DB /* Main.storyboard */,
				F3AA260427D7209B005A15DB /* LaunchScreen.storyboard */,
			);
			path = Storyboards;
			sourceTree = "<group>";
		};
		F3AA261227D72942005A15DB /* Resourсes */ = {
			isa = PBXGroup;
			children = (
				F3AA260227D7209B005A15DB /* Assets.xcassets */,
			);
			path = "Resourсes";
			sourceTree = "<group>";
		};
		F3B2BA0127DDAEA500871026 /* App */ = {
			isa = PBXGroup;
			children = (
				F3AA260727D7209B005A15DB /* Info.plist */,
				F3AA25FB27D72099005A15DB /* SceneDelegate.swift */,
				F3AA25F927D72099005A15DB /* AppDelegate.swift */,
			);
			path = App;
			sourceTree = "<group>";
		};
		F3B2BA0227DDAEE400871026 /* Models */ = {
			isa = PBXGroup;
			children = (
				F3B2BA0327DDC26C00871026 /* User.swift */,
			);
			path = Models;
			sourceTree = "<group>";
		};
		F3B2BA0B27DDF22100871026 /* Extension */ = {
			isa = PBXGroup;
			children = (
				F3B2BA0E27DDF28300871026 /* Extension + UIView.swift */,
			);
			path = Extension;
			sourceTree = "<group>";
		};
/* End PBXGroup section */

/* Begin PBXNativeTarget section */
		F3AA25F527D72099005A15DB /* LogInHomeTaskUiKit */ = {
			isa = PBXNativeTarget;
			buildConfigurationList = F3AA260A27D7209B005A15DB /* Build configuration list for PBXNativeTarget "LogInHomeTaskUiKit" */;
			buildPhases = (
				F3AA25F227D72099005A15DB /* Sources */,
				F3AA25F327D72099005A15DB /* Frameworks */,
				F3AA25F427D72099005A15DB /* Resources */,
			);
			buildRules = (
			);
			dependencies = (
			);
			name = LogInHomeTaskUiKit;
			productName = LogInHomeTaskUiKit;
			productReference = F3AA25F627D72099005A15DB /* LogInHomeTaskUiKit.app */;
			productType = "com.apple.product-type.application";
		};
/* End PBXNativeTarget section */

/* Begin PBXProject section */
		F3AA25EE27D72099005A15DB /* Project object */ = {
			isa = PBXProject;
			attributes = {
				BuildIndependentTargetsInParallel = 1;
				LastSwiftUpdateCheck = 1300;
				LastUpgradeCheck = 1300;
				TargetAttributes = {
					F3AA25F527D72099005A15DB = {
						CreatedOnToolsVersion = 13.0;
					};
				};
			};
			buildConfigurationList = F3AA25F127D72099005A15DB /* Build configuration list for PBXProject "LogInHomeTaskUiKit" */;
			compatibilityVersion = "Xcode 13.0";
			developmentRegion = en;
			hasScannedForEncodings = 0;
			knownRegions = (
				en,
				Base,
			);
			mainGroup = F3AA25ED27D72099005A15DB;
			productRefGroup = F3AA25F727D72099005A15DB /* Products */;
			projectDirPath = "";
			projectRoot = "";
			targets = (
				F3AA25F527D72099005A15DB /* LogInHomeTaskUiKit */,
			);
		};
/* End PBXProject section */

/* Begin PBXResourcesBuildPhase section */
		F3AA25F427D72099005A15DB /* Resources */ = {
			isa = PBXResourcesBuildPhase;
			buildActionMask = 2147483647;
			files = (
				F3AA260627D7209B005A15DB /* LaunchScreen.storyboard in Resources */,
				F3AA260327D7209B005A15DB /* Assets.xcassets in Resources */,
				F3AA260127D72099005A15DB /* Main.storyboard in Resources */,
			);
			runOnlyForDeploymentPostprocessing = 0;
		};
/* End PBXResourcesBuildPhase section */

/* Begin PBXSourcesBuildPhase section */
		F3AA25F227D72099005A15DB /* Sources */ = {
			isa = PBXSourcesBuildPhase;
			buildActionMask = 2147483647;
			files = (
				F3AA25FE27D72099005A15DB /* StartViewController.swift in Sources */,
				F3AA260E27D728A2005A15DB /* WelcomeScreenViewController.swift in Sources */,
				F3AA25FA27D72099005A15DB /* AppDelegate.swift in Sources */,
				F3B2BA0427DDC26C00871026 /* User.swift in Sources */,
				F3B2BA0827DDCCAF00871026 /* DetailsInfoViewController.swift in Sources */,
				F3B2BA0F27DDF28300871026 /* Extension + UIView.swift in Sources */,
				F3B2BA0A27DDCCCD00871026 /* MoreInfoViewController.swift in Sources */,
				F3AA25FC27D72099005A15DB /* SceneDelegate.swift in Sources */,
				F3B2BA0627DDCC8000871026 /* AboutMeViewController.swift in Sources */,
			);
			runOnlyForDeploymentPostprocessing = 0;
		};
/* End PBXSourcesBuildPhase section */

/* Begin PBXVariantGroup section */
		F3AA25FF27D72099005A15DB /* Main.storyboard */ = {
			isa = PBXVariantGroup;
			children = (
				F3AA260027D72099005A15DB /* Base */,
			);
			name = Main.storyboard;
			sourceTree = "<group>";
		};
		F3AA260427D7209B005A15DB /* LaunchScreen.storyboard */ = {
			isa = PBXVariantGroup;
			children = (
				F3AA260527D7209B005A15DB /* Base */,
			);
			name = LaunchScreen.storyboard;
			sourceTree = "<group>";
		};
/* End PBXVariantGroup section */

/* Begin XCBuildConfiguration section */
		F3AA260827D7209B005A15DB /* Debug */ = {
			isa = XCBuildConfiguration;
			buildSettings = {
				ALWAYS_SEARCH_USER_PATHS = NO;
				CLANG_ANALYZER_NONNULL = YES;
				CLANG_ANALYZER_NUMBER_OBJECT_CONVERSION = YES_AGGRESSIVE;
				CLANG_CXX_LANGUAGE_STANDARD = "gnu++17";
				CLANG_CXX_LIBRARY = "libc++";
				CLANG_ENABLE_MODULES = YES;
				CLANG_ENABLE_OBJC_ARC = YES;
				CLANG_ENABLE_OBJC_WEAK = YES;
				CLANG_WARN_BLOCK_CAPTURE_AUTORELEASING = YES;
				CLANG_WARN_BOOL_CONVERSION = YES;
				CLANG_WARN_COMMA = YES;
				CLANG_WARN_CONSTANT_CONVERSION = YES;
				CLANG_WARN_DEPRECATED_OBJC_IMPLEMENTATIONS = YES;
				CLANG_WARN_DIRECT_OBJC_ISA_USAGE = YES_ERROR;
				CLANG_WARN_DOCUMENTATION_COMMENTS = YES;
				CLANG_WARN_EMPTY_BODY = YES;
				CLANG_WARN_ENUM_CONVERSION = YES;
				CLANG_WARN_INFINITE_RECURSION = YES;
				CLANG_WARN_INT_CONVERSION = YES;
				CLANG_WARN_NON_LITERAL_NULL_CONVERSION = YES;
				CLANG_WARN_OBJC_IMPLICIT_RETAIN_SELF = YES;
				CLANG_WARN_OBJC_LITERAL_CONVERSION = YES;
				CLANG_WARN_OBJC_ROOT_CLASS = YES_ERROR;
				CLANG_WARN_QUOTED_INCLUDE_IN_FRAMEWORK_HEADER = YES;
				CLANG_WARN_RANGE_LOOP_ANALYSIS = YES;
				CLANG_WARN_STRICT_PROTOTYPES = YES;
				CLANG_WARN_SUSPICIOUS_MOVE = YES;
				CLANG_WARN_UNGUARDED_AVAILABILITY = YES_AGGRESSIVE;
				CLANG_WARN_UNREACHABLE_CODE = YES;
				CLANG_WARN__DUPLICATE_METHOD_MATCH = YES;
				COPY_PHASE_STRIP = NO;
				DEBUG_INFORMATION_FORMAT = dwarf;
				ENABLE_STRICT_OBJC_MSGSEND = YES;
				ENABLE_TESTABILITY = YES;
				GCC_C_LANGUAGE_STANDARD = gnu11;
				GCC_DYNAMIC_NO_PIC = NO;
				GCC_NO_COMMON_BLOCKS = YES;
				GCC_OPTIMIZATION_LEVEL = 0;
				GCC_PREPROCESSOR_DEFINITIONS = (
					"DEBUG=1",
					"$(inherited)",
				);
				GCC_WARN_64_TO_32_BIT_CONVERSION = YES;
				GCC_WARN_ABOUT_RETURN_TYPE = YES_ERROR;
				GCC_WARN_UNDECLARED_SELECTOR = YES;
				GCC_WARN_UNINITIALIZED_AUTOS = YES_AGGRESSIVE;
				GCC_WARN_UNUSED_FUNCTION = YES;
				GCC_WARN_UNUSED_VARIABLE = YES;
				IPHONEOS_DEPLOYMENT_TARGET = 15.0;
				MTL_ENABLE_DEBUG_INFO = INCLUDE_SOURCE;
				MTL_FAST_MATH = YES;
				ONLY_ACTIVE_ARCH = YES;
				SDKROOT = iphoneos;
				SWIFT_ACTIVE_COMPILATION_CONDITIONS = DEBUG;
				SWIFT_OPTIMIZATION_LEVEL = "-Onone";
			};
			name = Debug;
		};
		F3AA260927D7209B005A15DB /* Release */ = {
			isa = XCBuildConfiguration;
			buildSettings = {
				ALWAYS_SEARCH_USER_PATHS = NO;
				CLANG_ANALYZER_NONNULL = YES;
				CLANG_ANALYZER_NUMBER_OBJECT_CONVERSION = YES_AGGRESSIVE;
				CLANG_CXX_LANGUAGE_STANDARD = "gnu++17";
				CLANG_CXX_LIBRARY = "libc++";
				CLANG_ENABLE_MODULES = YES;
				CLANG_ENABLE_OBJC_ARC = YES;
				CLANG_ENABLE_OBJC_WEAK = YES;
				CLANG_WARN_BLOCK_CAPTURE_AUTORELEASING = YES;
				CLANG_WARN_BOOL_CONVERSION = YES;
				CLANG_WARN_COMMA = YES;
				CLANG_WARN_CONSTANT_CONVERSION = YES;
				CLANG_WARN_DEPRECATED_OBJC_IMPLEMENTATIONS = YES;
				CLANG_WARN_DIRECT_OBJC_ISA_USAGE = YES_ERROR;
				CLANG_WARN_DOCUMENTATION_COMMENTS = YES;
				CLANG_WARN_EMPTY_BODY = YES;
				CLANG_WARN_ENUM_CONVERSION = YES;
				CLANG_WARN_INFINITE_RECURSION = YES;
				CLANG_WARN_INT_CONVERSION = YES;
				CLANG_WARN_NON_LITERAL_NULL_CONVERSION = YES;
				CLANG_WARN_OBJC_IMPLICIT_RETAIN_SELF = YES;
				CLANG_WARN_OBJC_LITERAL_CONVERSION = YES;
				CLANG_WARN_OBJC_ROOT_CLASS = YES_ERROR;
				CLANG_WARN_QUOTED_INCLUDE_IN_FRAMEWORK_HEADER = YES;
				CLANG_WARN_RANGE_LOOP_ANALYSIS = YES;
				CLANG_WARN_STRICT_PROTOTYPES = YES;
				CLANG_WARN_SUSPICIOUS_MOVE = YES;
				CLANG_WARN_UNGUARDED_AVAILABILITY = YES_AGGRESSIVE;
				CLANG_WARN_UNREACHABLE_CODE = YES;
				CLANG_WARN__DUPLICATE_METHOD_MATCH = YES;
				COPY_PHASE_STRIP = NO;
				DEBUG_INFORMATION_FORMAT = "dwarf-with-dsym";
				ENABLE_NS_ASSERTIONS = NO;
				ENABLE_STRICT_OBJC_MSGSEND = YES;
				GCC_C_LANGUAGE_STANDARD = gnu11;
				GCC_NO_COMMON_BLOCKS = YES;
				GCC_WARN_64_TO_32_BIT_CONVERSION = YES;
				GCC_WARN_ABOUT_RETURN_TYPE = YES_ERROR;
				GCC_WARN_UNDECLARED_SELECTOR = YES;
				GCC_WARN_UNINITIALIZED_AUTOS = YES_AGGRESSIVE;
				GCC_WARN_UNUSED_FUNCTION = YES;
				GCC_WARN_UNUSED_VARIABLE = YES;
				IPHONEOS_DEPLOYMENT_TARGET = 15.0;
				MTL_ENABLE_DEBUG_INFO = NO;
				MTL_FAST_MATH = YES;
				SDKROOT = iphoneos;
				SWIFT_COMPILATION_MODE = wholemodule;
				SWIFT_OPTIMIZATION_LEVEL = "-O";
				VALIDATE_PRODUCT = YES;
			};
			name = Release;
		};
		F3AA260B27D7209B005A15DB /* Debug */ = {
			isa = XCBuildConfiguration;
			buildSettings = {
				ASSETCATALOG_COMPILER_APPICON_NAME = AppIcon;
				ASSETCATALOG_COMPILER_GLOBAL_ACCENT_COLOR_NAME = AccentColor;
				CODE_SIGN_STYLE = Automatic;
				CURRENT_PROJECT_VERSION = 1;
				DEVELOPMENT_TEAM = M29X8436L3;
				GENERATE_INFOPLIST_FILE = YES;
				INFOPLIST_FILE = LogInHomeTaskUiKit/App/Info.plist;
				INFOPLIST_KEY_UIApplicationSupportsIndirectInputEvents = YES;
				INFOPLIST_KEY_UILaunchStoryboardName = LaunchScreen;
				INFOPLIST_KEY_UIMainStoryboardFile = Main;
				INFOPLIST_KEY_UISupportedInterfaceOrientations_iPad = "UIInterfaceOrientationPortrait UIInterfaceOrientationPortraitUpsideDown UIInterfaceOrientationLandscapeLeft UIInterfaceOrientationLandscapeRight";
				INFOPLIST_KEY_UISupportedInterfaceOrientations_iPhone = "UIInterfaceOrientationPortrait UIInterfaceOrientationLandscapeLeft UIInterfaceOrientationLandscapeRight";
				LD_RUNPATH_SEARCH_PATHS = (
					"$(inherited)",
					"@executable_path/Frameworks",
				);
				MARKETING_VERSION = 1.0;
				PRODUCT_BUNDLE_IDENTIFIER = test.LogInHomeTaskUiKit;
				PRODUCT_NAME = "$(TARGET_NAME)";
				SWIFT_EMIT_LOC_STRINGS = YES;
				SWIFT_VERSION = 5.0;
				TARGETED_DEVICE_FAMILY = "1,2";
			};
			name = Debug;
		};
		F3AA260C27D7209B005A15DB /* Release */ = {
			isa = XCBuildConfiguration;
			buildSettings = {
				ASSETCATALOG_COMPILER_APPICON_NAME = AppIcon;
				ASSETCATALOG_COMPILER_GLOBAL_ACCENT_COLOR_NAME = AccentColor;
				CODE_SIGN_STYLE = Automatic;
				CURRENT_PROJECT_VERSION = 1;
				DEVELOPMENT_TEAM = M29X8436L3;
				GENERATE_INFOPLIST_FILE = YES;
				INFOPLIST_FILE = LogInHomeTaskUiKit/App/Info.plist;
				INFOPLIST_KEY_UIApplicationSupportsIndirectInputEvents = YES;
				INFOPLIST_KEY_UILaunchStoryboardName = LaunchScreen;
				INFOPLIST_KEY_UIMainStoryboardFile = Main;
				INFOPLIST_KEY_UISupportedInterfaceOrientations_iPad = "UIInterfaceOrientationPortrait UIInterfaceOrientationPortraitUpsideDown UIInterfaceOrientationLandscapeLeft UIInterfaceOrientationLandscapeRight";
				INFOPLIST_KEY_UISupportedInterfaceOrientations_iPhone = "UIInterfaceOrientationPortrait UIInterfaceOrientationLandscapeLeft UIInterfaceOrientationLandscapeRight";
				LD_RUNPATH_SEARCH_PATHS = (
					"$(inherited)",
					"@executable_path/Frameworks",
				);
				MARKETING_VERSION = 1.0;
				PRODUCT_BUNDLE_IDENTIFIER = test.LogInHomeTaskUiKit;
				PRODUCT_NAME = "$(TARGET_NAME)";
				SWIFT_EMIT_LOC_STRINGS = YES;
				SWIFT_VERSION = 5.0;
				TARGETED_DEVICE_FAMILY = "1,2";
			};
			name = Release;
		};
/* End XCBuildConfiguration section */

/* Begin XCConfigurationList section */
		F3AA25F127D72099005A15DB /* Build configuration list for PBXProject "LogInHomeTaskUiKit" */ = {
			isa = XCConfigurationList;
			buildConfigurations = (
				F3AA260827D7209B005A15DB /* Debug */,
				F3AA260927D7209B005A15DB /* Release */,
			);
			defaultConfigurationIsVisible = 0;
			defaultConfigurationName = Release;
		};
		F3AA260A27D7209B005A15DB /* Build configuration list for PBXNativeTarget "LogInHomeTaskUiKit" */ = {
			isa = XCConfigurationList;
			buildConfigurations = (
				F3AA260B27D7209B005A15DB /* Debug */,
				F3AA260C27D7209B005A15DB /* Release */,
			);
			defaultConfigurationIsVisible = 0;
			defaultConfigurationName = Release;
		};
/* End XCConfigurationList section */
	};
	rootObject = F3AA25EE27D72099005A15DB /* Project object */;
}
